
Microsoft Visual Studio Solution File, Format Version 12.00
# Visual Studio Version 17
VisualStudioVersion = 17.0.31903.59
MinimumVisualStudioVersion = 10.0.40219.1
Project("{FAE04EC0-301F-11D3-BF4B-00C04F79EFBC}") = "API", "API\API.csproj", "{9330AC75-78D7-4F4A-BA6E-7600497D98EA}"
EndProject
Project("{FAE04EC0-301F-11D3-BF4B-00C04F79EFBC}") = "Core", "Core\Core.csproj", "{A2AC13AC-7695-45CE-BB49-567CE97B8CD8}"
EndProject
Project("{FAE04EC0-301F-11D3-BF4B-00C04F79EFBC}") = "Infrastructure", "Infrastructure\Infrastructure.csproj", "{593EC04F-7115-439E-AA18-D6F86A436A9B}"
EndProject
Global
	GlobalSection(SolutionConfigurationPlatforms) = preSolution
		Debug|Any CPU = Debug|Any CPU
		Release|Any CPU = Release|Any CPU
	EndGlobalSection
	GlobalSection(SolutionProperties) = preSolution
		HideSolutionNode = FALSE
	EndGlobalSection
	GlobalSection(ProjectConfigurationPlatforms) = postSolution
		{9330AC75-78D7-4F4A-BA6E-7600497D98EA}.Debug|Any CPU.ActiveCfg = Debug|Any CPU
		{9330AC75-78D7-4F4A-BA6E-7600497D98EA}.Debug|Any CPU.Build.0 = Debug|Any CPU
		{9330AC75-78D7-4F4A-BA6E-7600497D98EA}.Release|Any CPU.ActiveCfg = Release|Any CPU
		{9330AC75-78D7-4F4A-BA6E-7600497D98EA}.Release|Any CPU.Build.0 = Release|Any CPU
		{A2AC13AC-7695-45CE-BB49-567CE97B8CD8}.Debug|Any CPU.ActiveCfg = Debug|Any CPU
		{A2AC13AC-7695-45CE-BB49-567CE97B8CD8}.Debug|Any CPU.Build.0 = Debug|Any CPU
		{A2AC13AC-7695-45CE-BB49-567CE97B8CD8}.Release|Any CPU.ActiveCfg = Release|Any CPU
		{A2AC13AC-7695-45CE-BB49-567CE97B8CD8}.Release|Any CPU.Build.0 = Release|Any CPU
		{593EC04F-7115-439E-AA18-D6F86A436A9B}.Debug|Any CPU.ActiveCfg = Debug|Any CPU
		{593EC04F-7115-439E-AA18-D6F86A436A9B}.Debug|Any CPU.Build.0 = Debug|Any CPU
		{593EC04F-7115-439E-AA18-D6F86A436A9B}.Release|Any CPU.ActiveCfg = Release|Any CPU
		{593EC04F-7115-439E-AA18-D6F86A436A9B}.Release|Any CPU.Build.0 = Release|Any CPU
	EndGlobalSection
EndGlobal
